
Microsoft Visual Studio Solution File, Format Version 12.00
# Visual Studio 15
VisualStudioVersion = 15.0.28010.2046
MinimumVisualStudioVersion = 10.0.40219.1
Project("{FAE04EC0-301F-11D3-BF4B-00C04F79EFBC}") = "BiometrikverikayıtTest", "BiometrikverikayıtTast\BiometrikverikayıtTest.csproj", "{CCC32626-15A8-4642-9143-CD4C20E73009}"
EndProject
Project("{FAE04EC0-301F-11D3-BF4B-00C04F79EFBC}") = "Biometrik.DAL", "Biometrik.DAL\Biometrik.DAL.csproj", "{4E34B03C-1CC4-4E62-84DD-2C0B005AB588}"
EndProject
Project("{FAE04EC0-301F-11D3-BF4B-00C04F79EFBC}") = "SSOMetaData", "SSOMetaData\SSOMetaData.csproj", "{A2029C6A-8C5E-4795-933F-27D22D6307CC}"
EndProject
Project("{FAE04EC0-301F-11D3-BF4B-00C04F79EFBC}") = "SSOIDbInterface", "SSOIDbInterface\SSOIDbInterface.csproj", "{08A88800-5CBB-485A-B0EA-1573394F76EE}"
EndProject
Project("{FAE04EC0-301F-11D3-BF4B-00C04F79EFBC}") = "SSOSqlDBLib", "SSOSqlDBLib\SSOSqlDBLib.csproj", "{BD569955-1A48-42A9-888D-EEC4144EC936}"
EndProject
Project("{FAE04EC0-301F-11D3-BF4B-00C04F79EFBC}") = "SSOoraDBLib", "SSOoraDBLib\SSOoraDBLib.csproj", "{DFA157F4-B16F-4094-816D-2BD922A17677}"
EndProject
Project("{FAE04EC0-301F-11D3-BF4B-00C04F79EFBC}") = "SSODbCreator", "SSODbCreator\SSODbCreator.csproj", "{A2E61647-74FA-47ED-A5B7-9F4118249084}"
EndProject
Global
	GlobalSection(SolutionConfigurationPlatforms) = preSolution
		Debug|Any CPU = Debug|Any CPU
		Release|Any CPU = Release|Any CPU
	EndGlobalSection
	GlobalSection(ProjectConfigurationPlatforms) = postSolution
		{CCC32626-15A8-4642-9143-CD4C20E73009}.Debug|Any CPU.ActiveCfg = Debug|Any CPU
		{CCC32626-15A8-4642-9143-CD4C20E73009}.Debug|Any CPU.Build.0 = Debug|Any CPU
		{CCC32626-15A8-4642-9143-CD4C20E73009}.Release|Any CPU.ActiveCfg = Release|Any CPU
		{CCC32626-15A8-4642-9143-CD4C20E73009}.Release|Any CPU.Build.0 = Release|Any CPU
		{4E34B03C-1CC4-4E62-84DD-2C0B005AB588}.Debug|Any CPU.ActiveCfg = Debug|Any CPU
		{4E34B03C-1CC4-4E62-84DD-2C0B005AB588}.Debug|Any CPU.Build.0 = Debug|Any CPU
		{4E34B03C-1CC4-4E62-84DD-2C0B005AB588}.Release|Any CPU.ActiveCfg = Release|Any CPU
		{4E34B03C-1CC4-4E62-84DD-2C0B005AB588}.Release|Any CPU.Build.0 = Release|Any CPU
		{A2029C6A-8C5E-4795-933F-27D22D6307CC}.Debug|Any CPU.ActiveCfg = Debug|Any CPU
		{A2029C6A-8C5E-4795-933F-27D22D6307CC}.Debug|Any CPU.Build.0 = Debug|Any CPU
		{A2029C6A-8C5E-4795-933F-27D22D6307CC}.Release|Any CPU.ActiveCfg = Release|Any CPU
		{A2029C6A-8C5E-4795-933F-27D22D6307CC}.Release|Any CPU.Build.0 = Release|Any CPU
		{08A88800-5CBB-485A-B0EA-1573394F76EE}.Debug|Any CPU.ActiveCfg = Debug|Any CPU
		{08A88800-5CBB-485A-B0EA-1573394F76EE}.Debug|Any CPU.Build.0 = Debug|Any CPU
		{08A88800-5CBB-485A-B0EA-1573394F76EE}.Release|Any CPU.ActiveCfg = Release|Any CPU
		{08A88800-5CBB-485A-B0EA-1573394F76EE}.Release|Any CPU.Build.0 = Release|Any CPU
		{BD569955-1A48-42A9-888D-EEC4144EC936}.Debug|Any CPU.ActiveCfg = Debug|Any CPU
		{BD569955-1A48-42A9-888D-EEC4144EC936}.Debug|Any CPU.Build.0 = Debug|Any CPU
		{BD569955-1A48-42A9-888D-EEC4144EC936}.Release|Any CPU.ActiveCfg = Release|Any CPU
		{BD569955-1A48-42A9-888D-EEC4144EC936}.Release|Any CPU.Build.0 = Release|Any CPU
		{DFA157F4-B16F-4094-816D-2BD922A17677}.Debug|Any CPU.ActiveCfg = Debug|Any CPU
		{DFA157F4-B16F-4094-816D-2BD922A17677}.Debug|Any CPU.Build.0 = Debug|Any CPU
		{DFA157F4-B16F-4094-816D-2BD922A17677}.Release|Any CPU.ActiveCfg = Release|Any CPU
		{DFA157F4-B16F-4094-816D-2BD922A17677}.Release|Any CPU.Build.0 = Release|Any CPU
		{A2E61647-74FA-47ED-A5B7-9F4118249084}.Debug|Any CPU.ActiveCfg = Debug|Any CPU
		{A2E61647-74FA-47ED-A5B7-9F4118249084}.Debug|Any CPU.Build.0 = Debug|Any CPU
		{A2E61647-74FA-47ED-A5B7-9F4118249084}.Release|Any CPU.ActiveCfg = Release|Any CPU
		{A2E61647-74FA-47ED-A5B7-9F4118249084}.Release|Any CPU.Build.0 = Release|Any CPU
	EndGlobalSection
	GlobalSection(SolutionProperties) = preSolution
		HideSolutionNode = FALSE
	EndGlobalSection
	GlobalSection(ExtensibilityGlobals) = postSolution
		SolutionGuid = {3AB6C5BC-34AE-4CD8-8D68-A09275D5E821}
	EndGlobalSection
EndGlobal
